
Microsoft Visual Studio Solution File, Format Version 12.00
# Visual Studio Version 16
VisualStudioVersion = 16.0.28803.156
MinimumVisualStudioVersion = 10.0.40219.1
Project("{FAE04EC0-301F-11D3-BF4B-00C04F79EFBC}") = "AutoPause", "AutoPause.csproj", "{AB6771BC-05DA-4224-9A38-7039F6AE256F}"
EndProject
Global
	GlobalSection(SolutionConfigurationPlatforms) = preSolution
		Debug|Any CPU = Debug|Any CPU
		Release|Any CPU = Release|Any CPU
	EndGlobalSection
	GlobalSection(ProjectConfigurationPlatforms) = postSolution
		{AB6771BC-05DA-4224-9A38-7039F6AE256F}.Debug|Any CPU.ActiveCfg = Debug|Any CPU
		{AB6771BC-05DA-4224-9A38-7039F6AE256F}.Debug|Any CPU.Build.0 = Debug|Any CPU
		{AB6771BC-05DA-4224-9A38-7039F6AE256F}.Release|Any CPU.ActiveCfg = Release|Any CPU
		{AB6771BC-05DA-4224-9A38-7039F6AE256F}.Release|Any CPU.Build.0 = Release|Any CPU
	EndGlobalSection
	GlobalSection(SolutionProperties) = preSolution
		HideSolutionNode = FALSE
	EndGlobalSection
	GlobalSection(ExtensibilityGlobals) = postSolution
		SolutionGuid = {B90CA280-E877-48C1-822A-262E1C942C2F}
	EndGlobalSection
EndGlobal
